
Microsoft Visual Studio Solution File, Format Version 12.00
# Visual Studio 2013
VisualStudioVersion = 12.0.31101.0
MinimumVisualStudioVersion = 10.0.40219.1
Project("{FAE04EC0-301F-11D3-BF4B-00C04F79EFBC}") = "NLog.Targets.Loggly", "src\NLog.Targets.Loggly\NLog.Targets.Loggly.csproj", "{FBA31C0A-88AC-4362-A6B2-6C6F6BEA9553}"
EndProject
Project("{FAE04EC0-301F-11D3-BF4B-00C04F79EFBC}") = "Demo", "src\Demo\Demo.csproj", "{77B6233C-3569-4473-B6FA-49E4525F27E4}"
EndProject
Project("{FAE04EC0-301F-11D3-BF4B-00C04F79EFBC}") = "Demo.NLog3", "src\Demo.NLog3\Demo.NLog3.csproj", "{656C8154-4B77-4F2C-85E6-6207E626B6AE}"
EndProject
Project("{FAE04EC0-301F-11D3-BF4B-00C04F79EFBC}") = "Tests", "test\Tests\NLog.Targets.Loggly.Tests.csproj", "{E487FAEF-C2D1-4692-A068-06783C9AD4FA}"
EndProject
Global
	GlobalSection(SolutionConfigurationPlatforms) = preSolution
		Debug|Any CPU = Debug|Any CPU
		Release|Any CPU = Release|Any CPU
	EndGlobalSection
	GlobalSection(ProjectConfigurationPlatforms) = postSolution
		{FBA31C0A-88AC-4362-A6B2-6C6F6BEA9553}.Debug|Any CPU.ActiveCfg = Debug|Any CPU
		{FBA31C0A-88AC-4362-A6B2-6C6F6BEA9553}.Debug|Any CPU.Build.0 = Debug|Any CPU
		{FBA31C0A-88AC-4362-A6B2-6C6F6BEA9553}.Release|Any CPU.ActiveCfg = Release|Any CPU
		{FBA31C0A-88AC-4362-A6B2-6C6F6BEA9553}.Release|Any CPU.Build.0 = Release|Any CPU
		{77B6233C-3569-4473-B6FA-49E4525F27E4}.Debug|Any CPU.ActiveCfg = Debug|Any CPU
		{77B6233C-3569-4473-B6FA-49E4525F27E4}.Debug|Any CPU.Build.0 = Debug|Any CPU
		{77B6233C-3569-4473-B6FA-49E4525F27E4}.Release|Any CPU.ActiveCfg = Release|Any CPU
		{656C8154-4B77-4F2C-85E6-6207E626B6AE}.Debug|Any CPU.ActiveCfg = Debug|Any CPU
		{656C8154-4B77-4F2C-85E6-6207E626B6AE}.Debug|Any CPU.Build.0 = Debug|Any CPU
		{656C8154-4B77-4F2C-85E6-6207E626B6AE}.Release|Any CPU.ActiveCfg = Release|Any CPU
		{E487FAEF-C2D1-4692-A068-06783C9AD4FA}.Debug|Any CPU.ActiveCfg = Debug|Any CPU
		{E487FAEF-C2D1-4692-A068-06783C9AD4FA}.Debug|Any CPU.Build.0 = Debug|Any CPU
		{E487FAEF-C2D1-4692-A068-06783C9AD4FA}.Release|Any CPU.ActiveCfg = Release|Any CPU
		{E487FAEF-C2D1-4692-A068-06783C9AD4FA}.Release|Any CPU.Build.0 = Release|Any CPU
	EndGlobalSection
	GlobalSection(SolutionProperties) = preSolution
		HideSolutionNode = FALSE
	EndGlobalSection
EndGlobal
